
Microsoft Visual Studio Solution File, Format Version 12.00
# Visual Studio Version 17
VisualStudioVersion = 17.11.35005.142
MinimumVisualStudioVersion = 10.0.40219.1
Project("{FAE04EC0-301F-11D3-BF4B-00C04F79EFBC}") = "AntDesign.Pro.Template", "src\AntDesign.Pro.Template\AntDesign.Pro.Template.csproj", "{B5934F21-93C6-46BA-B25D-C2D3B62EDCFC}"
EndProject
Project("{FAE04EC0-301F-11D3-BF4B-00C04F79EFBC}") = "AntDesign.Pro.Template.Client", "src\AntDesign.Pro.Template.Client\AntDesign.Pro.Template.Client.csproj", "{21B555E8-4868-4C61-A487-269C436022FF}"
EndProject
Global
	GlobalSection(SolutionConfigurationPlatforms) = preSolution
		Debug|Any CPU = Debug|Any CPU
		Release|Any CPU = Release|Any CPU
	EndGlobalSection
	GlobalSection(ProjectConfigurationPlatforms) = postSolution
		{B5934F21-93C6-46BA-B25D-C2D3B62EDCFC}.Debug|Any CPU.ActiveCfg = Debug|Any CPU
		{B5934F21-93C6-46BA-B25D-C2D3B62EDCFC}.Debug|Any CPU.Build.0 = Debug|Any CPU
		{B5934F21-93C6-46BA-B25D-C2D3B62EDCFC}.Release|Any CPU.ActiveCfg = Release|Any CPU
		{B5934F21-93C6-46BA-B25D-C2D3B62EDCFC}.Release|Any CPU.Build.0 = Release|Any CPU
		{21B555E8-4868-4C61-A487-269C436022FF}.Debug|Any CPU.ActiveCfg = Debug|Any CPU
		{21B555E8-4868-4C61-A487-269C436022FF}.Debug|Any CPU.Build.0 = Debug|Any CPU
		{21B555E8-4868-4C61-A487-269C436022FF}.Release|Any CPU.ActiveCfg = Release|Any CPU
		{21B555E8-4868-4C61-A487-269C436022FF}.Release|Any CPU.Build.0 = Release|Any CPU
	EndGlobalSection
	GlobalSection(SolutionProperties) = preSolution
		HideSolutionNode = FALSE
	EndGlobalSection
	GlobalSection(ExtensibilityGlobals) = postSolution
		SolutionGuid = {B32E6C35-9526-404C-93D0-5026FD1E48B8}
	EndGlobalSection
EndGlobal
